
Microsoft Visual Studio Solution File, Format Version 12.00
# Visual Studio Version 17
VisualStudioVersion = 17.14.36511.14 d17.14
MinimumVisualStudioVersion = 10.0.40219.1
Project("{FAE04EC0-301F-11D3-BF4B-00C04F79EFBC}") = "Konvertor", "Konvertor\Konvertor.csproj", "{03923797-F884-4B78-B621-ED28C80B096D}"
EndProject
Global
	GlobalSection(SolutionConfigurationPlatforms) = preSolution
		Debug|Any CPU = Debug|Any CPU
		Release|Any CPU = Release|Any CPU
	EndGlobalSection
	GlobalSection(ProjectConfigurationPlatforms) = postSolution
		{03923797-F884-4B78-B621-ED28C80B096D}.Debug|Any CPU.ActiveCfg = Debug|Any CPU
		{03923797-F884-4B78-B621-ED28C80B096D}.Debug|Any CPU.Build.0 = Debug|Any CPU
		{03923797-F884-4B78-B621-ED28C80B096D}.Release|Any CPU.ActiveCfg = Release|Any CPU
		{03923797-F884-4B78-B621-ED28C80B096D}.Release|Any CPU.Build.0 = Release|Any CPU
	EndGlobalSection
	GlobalSection(SolutionProperties) = preSolution
		HideSolutionNode = FALSE
	EndGlobalSection
	GlobalSection(ExtensibilityGlobals) = postSolution
		SolutionGuid = {C40371F7-D344-46E2-9CA9-15BB95D0A8DC}
	EndGlobalSection
EndGlobal
